PODS:
  - PureLayout (3.1.9)
  - Vampier (1.0.1):
    - Vampier/Core (= 1.0.1)
  - Vampier/Core (1.0.1)

DEPENDENCIES:
  - PureLayout
  - Vampier (from `../`)

SPEC REPOS:
  trunk:
    - PureLayout

EXTERNAL SOURCES:
  Vampier:
    :path: "../"

SPEC CHECKSUMS:
  PureLayout: 5fb5e5429519627d60d079ccb1eaa7265ce7cf88
  Vampier: b08411ed8a144257d7baf4a01f10edab99364eb3

PODFILE CHECKSUM: 7bec5641ba685d5f97a9e86e58f0b058db104a3f

COCOAPODS: 1.11.3
